{
  "lockfile_version": "1",
  "packages": {
    "github:NixOS/nixpkgs/nixpkgs-unstable": {
      "resolved": "github:NixOS/nixpkgs/e4b09e47ace7d87de083786b404bf232eb6c89d8?lastModified=1748856973&narHash=sha256-RlTsJUvvr8ErjPBsiwrGbbHYW8XbB%2Foek0Gi78XdWKg%3D"
    },
    "jdk-headless@21.0.7+6": {
      "last_modified": "2025-05-16T20:19:48Z",
      "resolved": "github:NixOS/nixpkgs/12a55407652e04dcf2309436eb06fef0d3713ef3#jdk21_headless",
      "source": "devbox-search",
      "version": "21.0.7+6",
      "systems": {
        "aarch64-linux": {
          "outputs": [
            {
              "name": "out",
              "path": "/nix/store/r4isdsjpz1i2zi93y6cjl53m0ngvbww3-openjdk-headless-21.0.7+6",
              "default": true
            },
            {
              "name": "debug",
              "path": "/nix/store/s7h859cnwfbr0ss7dlssphbhhivdc63p-openjdk-headless-21.0.7+6-debug"
            }
          ],
          "store_path": "/nix/store/r4isdsjpz1i2zi93y6cjl53m0ngvbww3-openjdk-headless-21.0.7+6"
        },
        "x86_64-linux": {
          "outputs": [
            {
              "name": "out",
              "path": "/nix/store/jfxsvqhkxza9vrmpjw2nfxyz32883q1b-openjdk-headless-21.0.7+6",
              "default": true
            },
            {
              "name": "debug",
              "path": "/nix/store/ffknhap8n6nh733c33z714a9whmqz392-openjdk-headless-21.0.7+6-debug"
            }
          ],
          "store_path": "/nix/store/jfxsvqhkxza9vrmpjw2nfxyz32883q1b-openjdk-headless-21.0.7+6"
        }
      }
    },
    "sqlite@latest": {
      "last_modified": "2025-05-29T08:12:58Z",
      "resolved": "github:NixOS/nixpkgs/3866ad91cfc172f08a6839def503d8fc2923c603#sqlite",
      "source": "devbox-search",
      "version": "3.48.0",
      "systems": {
        "aarch64-darwin": {
          "outputs": [
            {
              "name": "bin",
              "path": "/nix/store/cq20rd1ci51s72zv7k29h63clrj6rl0l-sqlite-3.48.0-bin",
              "default": true
            },
            {
              "name": "man",
              "path": "/nix/store/sal36w50bf6hlv076n4bypsyk51rn3ki-sqlite-3.48.0-man",
              "default": true
            },
            {
              "name": "dev",
              "path": "/nix/store/i30kh3xb6miyckm5nq554lmwfgciyxb7-sqlite-3.48.0-dev"
            },
            {
              "name": "doc",
              "path": "/nix/store/hxvmkk8icrgshsdg39qlsn9bia3dz41z-sqlite-3.48.0-doc"
            },
            {
              "name": "out",
              "path": "/nix/store/3q2bsgj3rpj8xksh6zgscwv3g1mzcjxy-sqlite-3.48.0"
            }
          ],
          "store_path": "/nix/store/cq20rd1ci51s72zv7k29h63clrj6rl0l-sqlite-3.48.0-bin"
        },
        "aarch64-linux": {
          "outputs": [
            {
              "name": "bin",
              "path": "/nix/store/j9gsxv41ravm46zxkq6bz0kih7vikf2q-sqlite-3.48.0-bin",
              "default": true
            },
            {
              "name": "man",
              "path": "/nix/store/53xmz12n4qch61r792wvlm8aaw88r2mv-sqlite-3.48.0-man",
              "default": true
            },
            {
              "name": "debug",
              "path": "/nix/store/cchzb2prmi3b93r0n252nj9kmi8sq15h-sqlite-3.48.0-debug"
            },
            {
              "name": "dev",
              "path": "/nix/store/qq5r0v7w2knd099ih1yi705sgqb6xrq4-sqlite-3.48.0-dev"
            },
            {
              "name": "doc",
              "path": "/nix/store/dy5bgi74fdcyrvsqljcm71ys8vln6jwq-sqlite-3.48.0-doc"
            },
            {
              "name": "out",
              "path": "/nix/store/nzzrpcj9r48kq73fwibjxbwpnykrj5rf-sqlite-3.48.0"
            }
          ],
          "store_path": "/nix/store/j9gsxv41ravm46zxkq6bz0kih7vikf2q-sqlite-3.48.0-bin"
        },
        "x86_64-darwin": {
          "outputs": [
            {
              "name": "bin",
              "path": "/nix/store/whxzqmryz1s807f9difm7sbky86p0mpl-sqlite-3.48.0-bin",
              "default": true
            },
            {
              "name": "man",
              "path": "/nix/store/c1q9an2k734218s47hsb3w7ppa5pdpgz-sqlite-3.48.0-man",
              "default": true
            },
            {
              "name": "out",
              "path": "/nix/store/9wjh0cydjvncz80x3l3flw67rvq6jwdq-sqlite-3.48.0"
            },
            {
              "name": "dev",
              "path": "/nix/store/2p883ilw7k58sq8hwcnl519di738wxp0-sqlite-3.48.0-dev"
            },
            {
              "name": "doc",
              "path": "/nix/store/dz22l0c3h2gxvzx45vkwcwd3sr0mvjs5-sqlite-3.48.0-doc"
            }
          ],
          "store_path": "/nix/store/whxzqmryz1s807f9difm7sbky86p0mpl-sqlite-3.48.0-bin"
        },
        "x86_64-linux": {
          "outputs": [
            {
              "name": "bin",
              "path": "/nix/store/b83kagl3d98zf8dbvh52lw4xg881bhkf-sqlite-3.48.0-bin",
              "default": true
            },
            {
              "name": "man",
              "path": "/nix/store/xrjy0a756pb41qq9a38lqvy2m7jd78p5-sqlite-3.48.0-man",
              "default": true
            },
            {
              "name": "out",
              "path": "/nix/store/yfjzkkkyxcalyj7l1n4d4y6s81i65hmy-sqlite-3.48.0"
            },
            {
              "name": "debug",
              "path": "/nix/store/719sjqlrhmrn02079dam88m0ch4gwm7h-sqlite-3.48.0-debug"
            },
            {
              "name": "dev",
              "path": "/nix/store/92gwa4j45skp8d096csmnj2a8jcn0q9w-sqlite-3.48.0-dev"
            },
            {
              "name": "doc",
              "path": "/nix/store/a0h09d196h7j564mrcy15bldd95blw7j-sqlite-3.48.0-doc"
            }
          ],
          "store_path": "/nix/store/b83kagl3d98zf8dbvh52lw4xg881bhkf-sqlite-3.48.0-bin"
        }
      }
    }
  }
}
