{
  "lockfile_version": "1",
  "packages": {
    "etcd_3_5@latest": {
      "last_modified": "2023-05-23T22:05:12Z",
      "resolved": "github:NixOS/nixpkgs/e6e049b7a24decd1f0caee8b035913795697c699#etcd_3_5",
      "source": "devbox-search",
      "version": "3.5.9",
      "systems": {
        "aarch64-darwin": {
          "outputs": [
            {
              "name": "out",
              "path": "/nix/store/if2z7jkzalcbinwcv206wlpqaz3pli45-etcd-3.5.9",
              "default": true
            }
          ],
          "store_path": "/nix/store/if2z7jkzalcbinwcv206wlpqaz3pli45-etcd-3.5.9"
        },
        "aarch64-linux": {
          "outputs": [
            {
              "name": "out",
              "path": "/nix/store/dhi5igbbrjk301xfzqav2d1ja7sb36xk-etcd-3.5.9",
              "default": true
            }
          ],
          "store_path": "/nix/store/dhi5igbbrjk301xfzqav2d1ja7sb36xk-etcd-3.5.9"
        },
        "x86_64-darwin": {
          "outputs": [
            {
              "name": "out",
              "path": "/nix/store/lm886nzpkqgv0qc3lrvv2l97rh443kzm-etcd-3.5.9",
              "default": true
            }
          ],
          "store_path": "/nix/store/lm886nzpkqgv0qc3lrvv2l97rh443kzm-etcd-3.5.9"
        },
        "x86_64-linux": {
          "outputs": [
            {
              "name": "out",
              "path": "/nix/store/j89q20apccqfy9bwpf8svkkrwk8xp3ki-etcd-3.5.9",
              "default": true
            }
          ],
          "store_path": "/nix/store/j89q20apccqfy9bwpf8svkkrwk8xp3ki-etcd-3.5.9"
        }
      }
    },
    "github:NixOS/nixpkgs/nixpkgs-unstable": {
      "resolved": "github:NixOS/nixpkgs/b2b0718004cc9a5bca610326de0a82e6ea75920b?lastModified=1744096231&narHash=sha256-kUfx3FKU1Etnua3EaKvpeuXs7zoFiAcli1gBwkPvGSs%3D"
    },
    "minio-client@latest": {
      "last_modified": "2025-03-16T16:17:41Z",
      "resolved": "github:NixOS/nixpkgs/8f76cf16b17c51ae0cc8e55488069593f6dab645#minio-client",
      "source": "devbox-search",
      "version": "2025-03-12T17-29-24Z",
      "systems": {
        "aarch64-darwin": {
          "outputs": [
            {
              "name": "out",
              "path": "/nix/store/6s1l3j1shn92h4jh7c11mgrgaqr19fn4-minio-client-2025-03-12T17-29-24Z",
              "default": true
            }
          ],
          "store_path": "/nix/store/6s1l3j1shn92h4jh7c11mgrgaqr19fn4-minio-client-2025-03-12T17-29-24Z"
        },
        "aarch64-linux": {
          "outputs": [
            {
              "name": "out",
              "path": "/nix/store/wcb7x051g005hmmj2rbqk0s1hwj5k97h-minio-client-2025-03-12T17-29-24Z",
              "default": true
            }
          ],
          "store_path": "/nix/store/wcb7x051g005hmmj2rbqk0s1hwj5k97h-minio-client-2025-03-12T17-29-24Z"
        },
        "x86_64-darwin": {
          "outputs": [
            {
              "name": "out",
              "path": "/nix/store/wy58ah7aki6s6fa9nh6qd1h9s7z0582c-minio-client-2025-03-12T17-29-24Z",
              "default": true
            }
          ],
          "store_path": "/nix/store/wy58ah7aki6s6fa9nh6qd1h9s7z0582c-minio-client-2025-03-12T17-29-24Z"
        },
        "x86_64-linux": {
          "outputs": [
            {
              "name": "out",
              "path": "/nix/store/v2wwx3b83bcp03z7xnxcg44y6y2npj1h-minio-client-2025-03-12T17-29-24Z",
              "default": true
            }
          ],
          "store_path": "/nix/store/v2wwx3b83bcp03z7xnxcg44y6y2npj1h-minio-client-2025-03-12T17-29-24Z"
        }
      }
    },
    "minio@latest": {
      "last_modified": "2025-03-11T17:52:14Z",
      "resolved": "github:NixOS/nixpkgs/0d534853a55b5d02a4ababa1d71921ce8f0aee4c#minio",
      "source": "devbox-search",
      "version": "2025-02-07T23-21-09Z",
      "systems": {
        "aarch64-darwin": {
          "outputs": [
            {
              "name": "out",
              "path": "/nix/store/ddljfpg0a54z9w6l9310pilmn6fpb714-minio-2025-02-07T23-21-09Z",
              "default": true
            }
          ],
          "store_path": "/nix/store/ddljfpg0a54z9w6l9310pilmn6fpb714-minio-2025-02-07T23-21-09Z"
        },
        "aarch64-linux": {
          "outputs": [
            {
              "name": "out",
              "path": "/nix/store/1lmygdq7h7v07lbvfdn9famxp8ilmsra-minio-2025-02-07T23-21-09Z",
              "default": true
            }
          ],
          "store_path": "/nix/store/1lmygdq7h7v07lbvfdn9famxp8ilmsra-minio-2025-02-07T23-21-09Z"
        },
        "x86_64-darwin": {
          "outputs": [
            {
              "name": "out",
              "path": "/nix/store/znlk0mr42bfqb49sgfgjysfjq2vaa4cs-minio-2025-02-07T23-21-09Z",
              "default": true
            }
          ],
          "store_path": "/nix/store/znlk0mr42bfqb49sgfgjysfjq2vaa4cs-minio-2025-02-07T23-21-09Z"
        },
        "x86_64-linux": {
          "outputs": [
            {
              "name": "out",
              "path": "/nix/store/5sk32yv6ywr7lj1ds0ga54yb73vjlarf-minio-2025-02-07T23-21-09Z",
              "default": true
            }
          ],
          "store_path": "/nix/store/5sk32yv6ywr7lj1ds0ga54yb73vjlarf-minio-2025-02-07T23-21-09Z"
        }
      }
    },
    "sqlite@latest": {
      "last_modified": "2025-04-13T09:22:33Z",
      "resolved": "github:NixOS/nixpkgs/18dd725c29603f582cf1900e0d25f9f1063dbf11#sqlite",
      "source": "devbox-search",
      "version": "3.48.0",
      "systems": {
        "aarch64-darwin": {
          "outputs": [
            {
              "name": "bin",
              "path": "/nix/store/waxbjx406lfk73rbz4q0bsacb46c5rxg-sqlite-3.48.0-bin",
              "default": true
            },
            {
              "name": "man",
              "path": "/nix/store/wbbq2kgsvl5c9nbx78pwmlg7ib5ybq5j-sqlite-3.48.0-man",
              "default": true
            },
            {
              "name": "dev",
              "path": "/nix/store/0yysh964al76d622jg28g6pkbjhblz7i-sqlite-3.48.0-dev"
            },
            {
              "name": "doc",
              "path": "/nix/store/7ay0nj9n4x6by0lfz9yma2dgygg8x3cs-sqlite-3.48.0-doc"
            },
            {
              "name": "out",
              "path": "/nix/store/vxhmpp6q709fwrmdzzdbb7g5jbk63wr4-sqlite-3.48.0"
            }
          ],
          "store_path": "/nix/store/waxbjx406lfk73rbz4q0bsacb46c5rxg-sqlite-3.48.0-bin"
        },
        "aarch64-linux": {
          "outputs": [
            {
              "name": "bin",
              "path": "/nix/store/f69nf71kcw7a50mb4bh7mnyrix8jslaq-sqlite-3.48.0-bin",
              "default": true
            },
            {
              "name": "man",
              "path": "/nix/store/qciv9x7alnxvym8w04viy1z3nbz1dpgm-sqlite-3.48.0-man",
              "default": true
            },
            {
              "name": "debug",
              "path": "/nix/store/ac0vp8pkgyrpq7nx5jprlz6by2r1d0bf-sqlite-3.48.0-debug"
            },
            {
              "name": "dev",
              "path": "/nix/store/3m775wznw14kpg6570gipvj5jvy3s1i8-sqlite-3.48.0-dev"
            },
            {
              "name": "doc",
              "path": "/nix/store/ibcg7nabmj8aa73c20bga0ic8zx6i654-sqlite-3.48.0-doc"
            },
            {
              "name": "out",
              "path": "/nix/store/x4nzxi8clih1rvs2pll815rm7q1s3d2i-sqlite-3.48.0"
            }
          ],
          "store_path": "/nix/store/f69nf71kcw7a50mb4bh7mnyrix8jslaq-sqlite-3.48.0-bin"
        },
        "x86_64-darwin": {
          "outputs": [
            {
              "name": "bin",
              "path": "/nix/store/728fy3v4a69z9crfsvf0y4v9wzxk045n-sqlite-3.48.0-bin",
              "default": true
            },
            {
              "name": "man",
              "path": "/nix/store/n5wy6pmyjkdd8m5wpwmavp50yczik76b-sqlite-3.48.0-man",
              "default": true
            },
            {
              "name": "out",
              "path": "/nix/store/bkjkrpfm60bhsmhkzk1zvpj1r8zgv3dq-sqlite-3.48.0"
            },
            {
              "name": "dev",
              "path": "/nix/store/ahjbrpwlbzxlhh0448xsqw6kysc41nmb-sqlite-3.48.0-dev"
            },
            {
              "name": "doc",
              "path": "/nix/store/yjh1bg16ysswy2xij4l131mzmbyqvkac-sqlite-3.48.0-doc"
            }
          ],
          "store_path": "/nix/store/728fy3v4a69z9crfsvf0y4v9wzxk045n-sqlite-3.48.0-bin"
        },
        "x86_64-linux": {
          "outputs": [
            {
              "name": "bin",
              "path": "/nix/store/7f7pwbl3wx3kxpflxc66yrqqsdiwzvwj-sqlite-3.48.0-bin",
              "default": true
            },
            {
              "name": "man",
              "path": "/nix/store/7rm2m74rigbfmpssfsdai2y5s53ivha4-sqlite-3.48.0-man",
              "default": true
            },
            {
              "name": "out",
              "path": "/nix/store/kz7q992dqpfcbzi1ic9qdss1k7bcihnj-sqlite-3.48.0"
            },
            {
              "name": "debug",
              "path": "/nix/store/y1yy8gd90f2ipmsa1ikh93ghqpaxql5n-sqlite-3.48.0-debug"
            },
            {
              "name": "dev",
              "path": "/nix/store/n2qk0bd06qk75jwy8nlh2iadpkxvaff6-sqlite-3.48.0-dev"
            },
            {
              "name": "doc",
              "path": "/nix/store/01q4lwkm2k6apl1hqj0rvy10ycl85j1g-sqlite-3.48.0-doc"
            }
          ],
          "store_path": "/nix/store/7f7pwbl3wx3kxpflxc66yrqqsdiwzvwj-sqlite-3.48.0-bin"
        }
      }
    }
  }
}
