{
  "lockfile_version": "1",
  "packages": {
    "awscli2@latest": {
      "last_modified": "2025-03-18T04:27:45Z",
      "resolved": "github:NixOS/nixpkgs/3549532663732bfd89993204d40543e9edaec4f2#awscli2",
      "source": "devbox-search",
      "version": "2.24.24",
      "systems": {
        "aarch64-darwin": {
          "outputs": [
            {
              "name": "out",
              "path": "/nix/store/2yb8zaj343sxwvnibnvrkaga5w19bdj9-awscli2-2.24.24",
              "default": true
            },
            {
              "name": "dist",
              "path": "/nix/store/fg4r9a0flxcnxhnnmzp22fpy388fvnlp-awscli2-2.24.24-dist"
            }
          ],
          "store_path": "/nix/store/2yb8zaj343sxwvnibnvrkaga5w19bdj9-awscli2-2.24.24"
        },
        "aarch64-linux": {
          "outputs": [
            {
              "name": "out",
              "path": "/nix/store/753hysvhx2xg6wn2pdvfl0p572kb8nqy-awscli2-2.24.24",
              "default": true
            },
            {
              "name": "dist",
              "path": "/nix/store/ays2panlk307bki0044wjhngci67hr6z-awscli2-2.24.24-dist"
            }
          ],
          "store_path": "/nix/store/753hysvhx2xg6wn2pdvfl0p572kb8nqy-awscli2-2.24.24"
        },
        "x86_64-darwin": {
          "outputs": [
            {
              "name": "out",
              "path": "/nix/store/vxz0ljsa95sa5p4l31h608ac9yjafv9v-awscli2-2.24.24",
              "default": true
            },
            {
              "name": "dist",
              "path": "/nix/store/48h2dzzzy7lrs9z2j8snvxx2jglqvyvi-awscli2-2.24.24-dist"
            }
          ],
          "store_path": "/nix/store/vxz0ljsa95sa5p4l31h608ac9yjafv9v-awscli2-2.24.24"
        },
        "x86_64-linux": {
          "outputs": [
            {
              "name": "out",
              "path": "/nix/store/i3vfwgkbp3a5qpl4zjga771r3mvk5aq7-awscli2-2.24.24",
              "default": true
            },
            {
              "name": "dist",
              "path": "/nix/store/qkw3d8xa8bs8f1q9ppk9199gw8zp5z98-awscli2-2.24.24-dist"
            }
          ],
          "store_path": "/nix/store/i3vfwgkbp3a5qpl4zjga771r3mvk5aq7-awscli2-2.24.24"
        }
      }
    },
    "eksctl@latest": {
      "last_modified": "2025-03-26T18:47:43Z",
      "resolved": "github:NixOS/nixpkgs/bd3bac8bfb542dbde7ffffb6987a1a1f9d41699f#eksctl",
      "source": "devbox-search",
      "version": "0.206.0",
      "systems": {
        "aarch64-darwin": {
          "outputs": [
            {
              "name": "out",
              "path": "/nix/store/glw2ibzanxcq1rhpdp071hsaxvjcwyi5-eksctl-0.206.0",
              "default": true
            }
          ],
          "store_path": "/nix/store/glw2ibzanxcq1rhpdp071hsaxvjcwyi5-eksctl-0.206.0"
        },
        "aarch64-linux": {
          "outputs": [
            {
              "name": "out",
              "path": "/nix/store/23hsg6wfavhj585w1fb5klbiyf1xqz4z-eksctl-0.206.0",
              "default": true
            }
          ],
          "store_path": "/nix/store/23hsg6wfavhj585w1fb5klbiyf1xqz4z-eksctl-0.206.0"
        },
        "x86_64-darwin": {
          "outputs": [
            {
              "name": "out",
              "path": "/nix/store/dhkxra4v6h46xkczgv5vc6k5bhi3z7lm-eksctl-0.206.0",
              "default": true
            }
          ],
          "store_path": "/nix/store/dhkxra4v6h46xkczgv5vc6k5bhi3z7lm-eksctl-0.206.0"
        },
        "x86_64-linux": {
          "outputs": [
            {
              "name": "out",
              "path": "/nix/store/jiac0yhir9m1ysrz20jvchyklg3hw2dw-eksctl-0.206.0",
              "default": true
            }
          ],
          "store_path": "/nix/store/jiac0yhir9m1ysrz20jvchyklg3hw2dw-eksctl-0.206.0"
        }
      }
    },
    "envsubst@latest": {
      "last_modified": "2025-03-13T11:38:39Z",
      "resolved": "github:NixOS/nixpkgs/573c650e8a14b2faa0041645ab18aed7e60f0c9a#envsubst",
      "source": "devbox-search",
      "version": "1.4.3",
      "systems": {
        "aarch64-darwin": {
          "outputs": [
            {
              "name": "out",
              "path": "/nix/store/7mjq4k1cml69mlzs6s8angvrlmimg46l-envsubst-1.4.3",
              "default": true
            }
          ],
          "store_path": "/nix/store/7mjq4k1cml69mlzs6s8angvrlmimg46l-envsubst-1.4.3"
        },
        "aarch64-linux": {
          "outputs": [
            {
              "name": "out",
              "path": "/nix/store/525gfxbch1hcbm3dayxhjbi6pz8wbjgn-envsubst-1.4.3",
              "default": true
            }
          ],
          "store_path": "/nix/store/525gfxbch1hcbm3dayxhjbi6pz8wbjgn-envsubst-1.4.3"
        },
        "x86_64-darwin": {
          "outputs": [
            {
              "name": "out",
              "path": "/nix/store/1kv0wdd1cpgcixhqcjl9pk426fin7r91-envsubst-1.4.3",
              "default": true
            }
          ],
          "store_path": "/nix/store/1kv0wdd1cpgcixhqcjl9pk426fin7r91-envsubst-1.4.3"
        },
        "x86_64-linux": {
          "outputs": [
            {
              "name": "out",
              "path": "/nix/store/mrd7mba205x134jq7ghcmi19rbr8clxj-envsubst-1.4.3",
              "default": true
            }
          ],
          "store_path": "/nix/store/mrd7mba205x134jq7ghcmi19rbr8clxj-envsubst-1.4.3"
        }
      }
    },
    "github:NixOS/nixpkgs/nixpkgs-unstable": {
      "resolved": "github:NixOS/nixpkgs/b2b0718004cc9a5bca610326de0a82e6ea75920b?lastModified=1744096231&narHash=sha256-kUfx3FKU1Etnua3EaKvpeuXs7zoFiAcli1gBwkPvGSs%3D"
    },
    "kubectl@latest": {
      "last_modified": "2025-03-23T05:31:05Z",
      "resolved": "github:NixOS/nixpkgs/dd613136ee91f67e5dba3f3f41ac99ae89c5406b#kubectl",
      "source": "devbox-search",
      "version": "1.32.3",
      "systems": {
        "aarch64-darwin": {
          "outputs": [
            {
              "name": "out",
              "path": "/nix/store/7b2rpxkv6v4a29bk9dp4gqs57zhf9v9p-kubectl-1.32.3",
              "default": true
            },
            {
              "name": "man",
              "path": "/nix/store/rm3753bbn2kxmwyxy7rir8z80g71lrrx-kubectl-1.32.3-man",
              "default": true
            },
            {
              "name": "convert",
              "path": "/nix/store/fi6g9qi63p7ivvz3qsipfaxmym7qi623-kubectl-1.32.3-convert"
            }
          ],
          "store_path": "/nix/store/7b2rpxkv6v4a29bk9dp4gqs57zhf9v9p-kubectl-1.32.3"
        },
        "aarch64-linux": {
          "outputs": [
            {
              "name": "out",
              "path": "/nix/store/xxngczzyxq22m1i8pc9a57w16kzir33f-kubectl-1.32.3",
              "default": true
            },
            {
              "name": "man",
              "path": "/nix/store/n547iajzrqypmy89s5j2iyrdjn56fd5v-kubectl-1.32.3-man",
              "default": true
            },
            {
              "name": "convert",
              "path": "/nix/store/0frwvbmd2zxx2n1s7vw15cbdj7iw95js-kubectl-1.32.3-convert"
            }
          ],
          "store_path": "/nix/store/xxngczzyxq22m1i8pc9a57w16kzir33f-kubectl-1.32.3"
        },
        "x86_64-darwin": {
          "outputs": [
            {
              "name": "out",
              "path": "/nix/store/95lpgw52n8x18ams6bz9nm68sml870rs-kubectl-1.32.3",
              "default": true
            },
            {
              "name": "man",
              "path": "/nix/store/3ilj3sca004bmzi0kp2lwihbqb2j2j2l-kubectl-1.32.3-man",
              "default": true
            },
            {
              "name": "convert",
              "path": "/nix/store/k2wr9b02pgyj7r5fz959vxys2w3s4j5v-kubectl-1.32.3-convert"
            }
          ],
          "store_path": "/nix/store/95lpgw52n8x18ams6bz9nm68sml870rs-kubectl-1.32.3"
        },
        "x86_64-linux": {
          "outputs": [
            {
              "name": "out",
              "path": "/nix/store/yaqxnlxynfil1c6lvxfrnmh06yfqarn8-kubectl-1.32.3",
              "default": true
            },
            {
              "name": "man",
              "path": "/nix/store/xdh1fr0b4dnladi7dwa0q2vwf878g9qd-kubectl-1.32.3-man",
              "default": true
            },
            {
              "name": "convert",
              "path": "/nix/store/5x3bhl684w2lmpg7k5dl8rz1408ci32g-kubectl-1.32.3-convert"
            }
          ],
          "store_path": "/nix/store/yaqxnlxynfil1c6lvxfrnmh06yfqarn8-kubectl-1.32.3"
        }
      }
    }
  }
}
